
Microsoft Visual Studio Solution File, Format Version 12.00
# Visual Studio Version 17
VisualStudioVersion = 17.2.32526.322
MinimumVisualStudioVersion = 10.0.40219.1
Project("{FAE04EC0-301F-11D3-BF4B-00C04F79EFBC}") = "Tarea_clase_7", "Tarea_clase_7\Tarea_clase_7.csproj", "{DA2A2008-EDFA-4D71-80A0-70F91B7421DE}"
EndProject
Global
	GlobalSection(SolutionConfigurationPlatforms) = preSolution
		Debug|Any CPU = Debug|Any CPU
		Release|Any CPU = Release|Any CPU
	EndGlobalSection
	GlobalSection(ProjectConfigurationPlatforms) = postSolution
		{DA2A2008-EDFA-4D71-80A0-70F91B7421DE}.Debug|Any CPU.ActiveCfg = Debug|Any CPU
		{DA2A2008-EDFA-4D71-80A0-70F91B7421DE}.Debug|Any CPU.Build.0 = Debug|Any CPU
		{DA2A2008-EDFA-4D71-80A0-70F91B7421DE}.Release|Any CPU.ActiveCfg = Release|Any CPU
		{DA2A2008-EDFA-4D71-80A0-70F91B7421DE}.Release|Any CPU.Build.0 = Release|Any CPU
	EndGlobalSection
	GlobalSection(SolutionProperties) = preSolution
		HideSolutionNode = FALSE
	EndGlobalSection
	GlobalSection(ExtensibilityGlobals) = postSolution
		SolutionGuid = {5B7C9AF0-B1FD-487D-9B7D-B498021321CB}
	EndGlobalSection
EndGlobal
