
Microsoft Visual Studio Solution File, Format Version 12.00
# Visual Studio Version 17
VisualStudioVersion = 17.2.32526.322
MinimumVisualStudioVersion = 10.0.40219.1
Project("{FAE04EC0-301F-11D3-BF4B-00C04F79EFBC}") = "Vuelteretas", "Vuelteretas\Vuelteretas.csproj", "{9176546F-DD49-404D-B7FA-78DACB792FAD}"
EndProject
Global
	GlobalSection(SolutionConfigurationPlatforms) = preSolution
		Debug|Any CPU = Debug|Any CPU
		Release|Any CPU = Release|Any CPU
	EndGlobalSection
	GlobalSection(ProjectConfigurationPlatforms) = postSolution
		{9176546F-DD49-404D-B7FA-78DACB792FAD}.Debug|Any CPU.ActiveCfg = Debug|Any CPU
		{9176546F-DD49-404D-B7FA-78DACB792FAD}.Debug|Any CPU.Build.0 = Debug|Any CPU
		{9176546F-DD49-404D-B7FA-78DACB792FAD}.Release|Any CPU.ActiveCfg = Release|Any CPU
		{9176546F-DD49-404D-B7FA-78DACB792FAD}.Release|Any CPU.Build.0 = Release|Any CPU
	EndGlobalSection
	GlobalSection(SolutionProperties) = preSolution
		HideSolutionNode = FALSE
	EndGlobalSection
	GlobalSection(ExtensibilityGlobals) = postSolution
		SolutionGuid = {6DDAB320-504F-4F53-BC5D-AF39D778CEF0}
	EndGlobalSection
EndGlobal
