
Microsoft Visual Studio Solution File, Format Version 12.00
# Visual Studio Version 17
VisualStudioVersion = 17.2.32526.322
MinimumVisualStudioVersion = 10.0.40219.1
Project("{FAE04EC0-301F-11D3-BF4B-00C04F79EFBC}") = "clase_9", "clase_9\clase_9.csproj", "{546B16AB-01CE-4660-AA89-24AF5D23DF1A}"
EndProject
Global
	GlobalSection(SolutionConfigurationPlatforms) = preSolution
		Debug|Any CPU = Debug|Any CPU
		Release|Any CPU = Release|Any CPU
	EndGlobalSection
	GlobalSection(ProjectConfigurationPlatforms) = postSolution
		{546B16AB-01CE-4660-AA89-24AF5D23DF1A}.Debug|Any CPU.ActiveCfg = Debug|Any CPU
		{546B16AB-01CE-4660-AA89-24AF5D23DF1A}.Debug|Any CPU.Build.0 = Debug|Any CPU
		{546B16AB-01CE-4660-AA89-24AF5D23DF1A}.Release|Any CPU.ActiveCfg = Release|Any CPU
		{546B16AB-01CE-4660-AA89-24AF5D23DF1A}.Release|Any CPU.Build.0 = Release|Any CPU
	EndGlobalSection
	GlobalSection(SolutionProperties) = preSolution
		HideSolutionNode = FALSE
	EndGlobalSection
	GlobalSection(ExtensibilityGlobals) = postSolution
		SolutionGuid = {5433D2D3-0C2F-411F-920D-3671856DC112}
	EndGlobalSection
EndGlobal
